{
  "lockfileVersion": 1,
  "workspaces": {
    "": {
      "name": "web",
      "dependencies": {
        "@lynx-js/web-core": "^0.18.1",
        "@lynx-js/web-elements": "^0.8.9",
        "@lynx-js/web-platform-rsbuild-plugin": "^0.1.2",
        "module-element-testing": "link:module-element-testing/dist",
        "react": "^18.3.1",
        "react-dom": "^18.3.1",
        "tiger": "link:tiger",
      },
      "devDependencies": {
        "@rsbuild/core": "^1.5.14",
        "@rsbuild/plugin-react": "^1.4.1",
        "@types/react": "^18.3.18",
        "@types/react-dom": "^18.3.5",
        "typescript": "^5.9.3",
      },
    },
  },
  "packages": {
    "@emnapi/core": ["@emnapi/core@1.6.0", "", { "dependencies": { "@emnapi/wasi-threads": "1.1.0", "tslib": "^2.4.0" } }, "sha512-zq/ay+9fNIJJtJiZxdTnXS20PllcYMX3OE23ESc4HK/bdYu3cOWYVhsOhVnXALfU/uqJIxn5NBPd9z4v+SfoSg=="],

    "@emnapi/runtime": ["@emnapi/runtime@1.6.0", "", { "dependencies": { "tslib": "^2.4.0" } }, "sha512-obtUmAHTMjll499P+D9A3axeJFlhdjOWdKUNs/U6QIGT7V5RjcUW1xToAzjvmgTSQhDbYn/NwfTRoJcQ2rNBxA=="],

    "@emnapi/wasi-threads": ["@emnapi/wasi-threads@1.1.0", "", { "dependencies": { "tslib": "^2.4.0" } }, "sha512-WI0DdZ8xFSbgMjR1sFsKABJ/C5OnRrjT06JXbZKexJGrDuPTzZdDYfFlsgcCXCyf+suG5QU2e/y1Wo2V/OapLQ=="],

    "@lynx-js/lynx-core": ["@lynx-js/lynx-core@0.1.3", "", {}, "sha512-uWzKKYJUK4Q09ZRZxWSAFINnmZb9piWPbvWF9SkLn+3snBl9u/BJa4ekPRcKWAhBmpbtxWH1x27fxe3Q3p5l3Q=="],

    "@lynx-js/offscreen-document": ["@lynx-js/offscreen-document@0.1.4", "", {}, "sha512-7OUAXZbpWigxOwpcDUU348R9Iw4JZP8qOsNdJ7+Z+LWTWt2DxbkxIKJ/KawQNOp+tsXeOFwUNbrgGkA7aqAX5w=="],

    "@lynx-js/web-constants": ["@lynx-js/web-constants@0.18.1", "", { "dependencies": { "@lynx-js/web-worker-rpc": "0.18.1" } }, "sha512-h77Ycljp4BZ+sIU6JT7Hbwq/kx7fFBqanLvWnksoUxAtFmT2aTF+opJF3qCk3JTZsyTcZHLee2KDEIGJs9a/iw=="],

    "@lynx-js/web-core": ["@lynx-js/web-core@0.18.1", "", { "dependencies": { "@lynx-js/offscreen-document": "0.1.4", "@lynx-js/web-constants": "0.18.1", "@lynx-js/web-mainthread-apis": "0.18.1", "@lynx-js/web-worker-rpc": "0.18.1", "@lynx-js/web-worker-runtime": "0.18.1" }, "peerDependencies": { "@lynx-js/lynx-core": "0.1.3", "@lynx-js/web-elements": ">0.7.7" } }, "sha512-rIHS1P3itmtmEQP4Dm9VFmt7bRvZXEjfq1aosAyM3ua1WZ+zCRpUCRHsLyfJAgpjE8CK0Tn1woKzLv9S+mF4BQ=="],

    "@lynx-js/web-elements": ["@lynx-js/web-elements@0.8.9", "", { "dependencies": { "@lynx-js/web-elements-reactive": "0.2.2", "@lynx-js/web-elements-template": "0.8.9" }, "peerDependencies": { "tslib": "^2.5.0" } }, "sha512-d2s84QgKIhStuy6OGWrRCvMmMEHFXkacReeK1Qu69jw5OcHoq/4scofBz89kRTQFnBt5iuG8bFBmSvJ56M4WRg=="],

    "@lynx-js/web-elements-reactive": ["@lynx-js/web-elements-reactive@0.2.2", "", {}, "sha512-IVZJaD4IDtVMaFG14vwhavPH6RJPU+VgxN3NLgcRB+2DO+0Ks1/0hYAJuk/QskGF6A7haGsG9TW/EQ7mk1s/sg=="],

    "@lynx-js/web-elements-template": ["@lynx-js/web-elements-template@0.8.9", "", {}, "sha512-OMSvjReCLGJH+RfO5Ih66NuE62otPMmuSEUMbPf8gkRX2NDAH7Facd0Z+Gj7Jc7PM5/oD8kPOKQEXEM5fKyxbg=="],

    "@lynx-js/web-mainthread-apis": ["@lynx-js/web-mainthread-apis@0.18.1", "", { "dependencies": { "@lynx-js/web-constants": "0.18.1", "@lynx-js/web-style-transformer": "0.18.1", "hyphenate-style-name": "^1.1.0" } }, "sha512-rS4ECI+xYp4LRoCa8nHNuGBGQm0qxiiGaci+QwYWA4c01QOyo2FVVsD/SGvw3JvIyByw4OfaWec+eKALsV7+6w=="],

    "@lynx-js/web-platform-rsbuild-plugin": ["@lynx-js/web-platform-rsbuild-plugin@0.1.2", "", { "dependencies": { "loader-utils": "^3.3.1" }, "peerDependencies": { "@lynx-js/web-core": ">0.13.0", "@rsbuild/core": "*" } }, "sha512-KAm8Ue7GPaMrSDHLL0/5km5/8WDbkNox7cYSXMP+TV7b0e9pYYWBdJzXWM9FuY7WY4j0Lf6jXtKHpCIz89vlqg=="],

    "@lynx-js/web-style-transformer": ["@lynx-js/web-style-transformer@0.18.1", "", { "dependencies": { "wasm-feature-detect": "^1.8.0" } }, "sha512-sum/483fLbNmbkuXkT+AiOlI2wVstaFhfe/btDAJpG2NPNlUyRaTgzi6bsj6CTo9wgaAWdoyJ6o3oKbS/PsLkA=="],

    "@lynx-js/web-worker-rpc": ["@lynx-js/web-worker-rpc@0.18.1", "", {}, "sha512-BC2LK4S5E+9WNqLU0os4URFlHli19/GjhqFwbG7Kh20o0f3e6pndikaMx8sz6PRpx6vQXutv+AfcBDQUmE+FZQ=="],

    "@lynx-js/web-worker-runtime": ["@lynx-js/web-worker-runtime@0.18.1", "", { "dependencies": { "@lynx-js/offscreen-document": "0.1.4", "@lynx-js/web-constants": "0.18.1", "@lynx-js/web-mainthread-apis": "0.18.1", "@lynx-js/web-worker-rpc": "0.18.1" }, "peerDependencies": { "@lynx-js/lynx-core": "0.1.3" } }, "sha512-rhHkntIskXioYzbVlAI8Ie9ZEVn2pMlJrAxtYcU4WM8h10Psm+X/LcA5lFWNz4/0eyjVAmiIhJnVzfSDINQxXA=="],

    "@module-federation/error-codes": ["@module-federation/error-codes@0.18.0", "", {}, "sha512-Woonm8ehyVIUPXChmbu80Zj6uJkC0dD9SJUZ/wOPtO8iiz/m+dkrOugAuKgoiR6qH4F+yorWila954tBz4uKsQ=="],

    "@module-federation/runtime": ["@module-federation/runtime@0.18.0", "", { "dependencies": { "@module-federation/error-codes": "0.18.0", "@module-federation/runtime-core": "0.18.0", "@module-federation/sdk": "0.18.0" } }, "sha512-+C4YtoSztM7nHwNyZl6dQKGUVJdsPrUdaf3HIKReg/GQbrt9uvOlUWo2NXMZ8vDAnf/QRrpSYAwXHmWDn9Obaw=="],

    "@module-federation/runtime-core": ["@module-federation/runtime-core@0.18.0", "", { "dependencies": { "@module-federation/error-codes": "0.18.0", "@module-federation/sdk": "0.18.0" } }, "sha512-ZyYhrDyVAhUzriOsVfgL6vwd+5ebYm595Y13KeMf6TKDRoUHBMTLGQ8WM4TDj8JNsy7LigncK8C03fn97of0QQ=="],

    "@module-federation/runtime-tools": ["@module-federation/runtime-tools@0.18.0", "", { "dependencies": { "@module-federation/runtime": "0.18.0", "@module-federation/webpack-bundler-runtime": "0.18.0" } }, "sha512-fSga9o4t1UfXNV/Kh6qFvRyZpPp3EHSPRISNeyT8ZoTpzDNiYzhtw0BPUSSD8m6C6XQh2s/11rI4g80UY+d+hA=="],

    "@module-federation/sdk": ["@module-federation/sdk@0.18.0", "", {}, "sha512-Lo/Feq73tO2unjmpRfyyoUkTVoejhItXOk/h5C+4cistnHbTV8XHrW/13fD5e1Iu60heVdAhhelJd6F898Ve9A=="],

    "@module-federation/webpack-bundler-runtime": ["@module-federation/webpack-bundler-runtime@0.18.0", "", { "dependencies": { "@module-federation/runtime": "0.18.0", "@module-federation/sdk": "0.18.0" } }, "sha512-TEvErbF+YQ+6IFimhUYKK3a5wapD90d90sLsNpcu2kB3QGT7t4nIluE25duXuZDVUKLz86tEPrza/oaaCWTpvQ=="],

    "@napi-rs/wasm-runtime": ["@napi-rs/wasm-runtime@1.0.7", "", { "dependencies": { "@emnapi/core": "^1.5.0", "@emnapi/runtime": "^1.5.0", "@tybys/wasm-util": "^0.10.1" } }, "sha512-SeDnOO0Tk7Okiq6DbXmmBODgOAb9dp9gjlphokTUxmt8U3liIP1ZsozBahH69j/RJv+Rfs6IwUKHTgQYJ/HBAw=="],

    "@rsbuild/core": ["@rsbuild/core@1.5.17", "", { "dependencies": { "@rspack/core": "1.5.8", "@rspack/lite-tapable": "~1.0.1", "@swc/helpers": "^0.5.17", "core-js": "~3.46.0", "jiti": "^2.6.1" }, "bin": { "rsbuild": "bin/rsbuild.js" } }, "sha512-tHa4puv+pEooQvSewu/K5sm270nkVPcP07Ioz1c+fbFCrFpiZWV5XumgznilS80097glUrieN+9xTbIHGXjThQ=="],

    "@rsbuild/plugin-react": ["@rsbuild/plugin-react@1.4.1", "", { "dependencies": { "@rspack/plugin-react-refresh": "^1.5.1", "react-refresh": "^0.17.0" }, "peerDependencies": { "@rsbuild/core": "1.x" } }, "sha512-kahvnfRPQTsG0tReR6h0KuVfyjKJfpv/PoU5qW5SDkON7vmbGn8Jx7l3fI+yU3lR/7qDiAO19QnNjkqxPsFT3Q=="],

    "@rspack/binding": ["@rspack/binding@1.5.8", "", { "optionalDependencies": { "@rspack/binding-darwin-arm64": "1.5.8", "@rspack/binding-darwin-x64": "1.5.8", "@rspack/binding-linux-arm64-gnu": "1.5.8", "@rspack/binding-linux-arm64-musl": "1.5.8", "@rspack/binding-linux-x64-gnu": "1.5.8", "@rspack/binding-linux-x64-musl": "1.5.8", "@rspack/binding-wasm32-wasi": "1.5.8", "@rspack/binding-win32-arm64-msvc": "1.5.8", "@rspack/binding-win32-ia32-msvc": "1.5.8", "@rspack/binding-win32-x64-msvc": "1.5.8" } }, "sha512-/91CzhRl9r5BIQCgGsS7jA6MDbw1I2BQpbfcUUdkdKl2P79K3Zo/Mw/TvKzS86catwLaUQEgkGRmYawOfPg7ow=="],

    "@rspack/binding-darwin-arm64": ["@rspack/binding-darwin-arm64@1.5.8", "", { "os": "darwin", "cpu": "arm64" }, "sha512-spJfpOSN3f7V90ic45/ET2NKB2ujAViCNmqb0iGurMNQtFRq+7Kd+jvVKKGXKBHBbsQrFhidSWbbqy2PBPGK8g=="],

    "@rspack/binding-darwin-x64": ["@rspack/binding-darwin-x64@1.5.8", "", { "os": "darwin", "cpu": "x64" }, "sha512-YFOzeL1IBknBcri8vjUp43dfUBylCeQnD+9O9p0wZmLAw7DtpN5JEOe2AkGo8kdTqJjYKI+cczJPKIw6lu1LWw=="],

    "@rspack/binding-linux-arm64-gnu": ["@rspack/binding-linux-arm64-gnu@1.5.8", "", { "os": "linux", "cpu": "arm64" }, "sha512-UAWCsOnpkvy8eAVRo0uipbHXDhnoDq5zmqWTMhpga0/a3yzCp2e+fnjZb/qnFNYb5MeL0O1mwMOYgn1M3oHILQ=="],

    "@rspack/binding-linux-arm64-musl": ["@rspack/binding-linux-arm64-musl@1.5.8", "", { "os": "linux", "cpu": "arm64" }, "sha512-GnSvGT4GjokPSD45cTtE+g7LgghuxSP1MRmvd+Vp/I8pnxTVSTsebRod4TAqyiv+l11nuS8yqNveK9qiOkBLWw=="],

    "@rspack/binding-linux-x64-gnu": ["@rspack/binding-linux-x64-gnu@1.5.8", "", { "os": "linux", "cpu": "x64" }, "sha512-XLxh5n/pzUfxsugz/8rVBv+Tx2nqEM+9rharK69kfooDsQNKyz7PANllBQ/v4svJ+W0BRHnDL4qXSGdteZeEjA=="],

    "@rspack/binding-linux-x64-musl": ["@rspack/binding-linux-x64-musl@1.5.8", "", { "os": "linux", "cpu": "x64" }, "sha512-gE0+MZmwF+01p9/svpEESkzkLpBkVUG2o03YMpwXYC/maeRRhWvF8BJ7R3i/Ls/jFGSE87dKX5NbRLVzqksq/w=="],

    "@rspack/binding-wasm32-wasi": ["@rspack/binding-wasm32-wasi@1.5.8", "", { "dependencies": { "@napi-rs/wasm-runtime": "^1.0.5" }, "cpu": "none" }, "sha512-cfg3niNHeJuxuml1Vy9VvaJrI/5TakzoaZvKX2g5S24wfzR50Eyy4JAsZ+L2voWQQp1yMJbmPYPmnTCTxdJQBQ=="],

    "@rspack/binding-win32-arm64-msvc": ["@rspack/binding-win32-arm64-msvc@1.5.8", "", { "os": "win32", "cpu": "arm64" }, "sha512-7i3ZTHFXKfU/9Jm9XhpMkrdkxO7lfeYMNVEGkuU5dyBfRMQj69dRgPL7zJwc2plXiqu9LUOl+TwDNTjap7Q36g=="],

    "@rspack/binding-win32-ia32-msvc": ["@rspack/binding-win32-ia32-msvc@1.5.8", "", { "os": "win32", "cpu": "ia32" }, "sha512-7ZPPWO11J+soea1+mnfaPpQt7GIodBM7A86dx6PbXgVEoZmetcWPrCF2NBfXxQWOKJ9L3RYltC4z+ZyXRgMOrw=="],

    "@rspack/binding-win32-x64-msvc": ["@rspack/binding-win32-x64-msvc@1.5.8", "", { "os": "win32", "cpu": "x64" }, "sha512-N/zXQgzIxME3YUzXT8qnyzxjqcnXudWOeDh8CAG9zqTCnCiy16SFfQ/cQgEoLlD9geQntV6jx2GbDDI5kpDGMQ=="],

    "@rspack/core": ["@rspack/core@1.5.8", "", { "dependencies": { "@module-federation/runtime-tools": "0.18.0", "@rspack/binding": "1.5.8", "@rspack/lite-tapable": "1.0.1" }, "peerDependencies": { "@swc/helpers": ">=0.5.1" }, "optionalPeers": ["@swc/helpers"] }, "sha512-sUd2LfiDhqYVfvknuoz0+/c+wSpn693xotnG5g1CSWKZArbtwiYzBIVnNlcHGmuoBRsnj/TkSq8dTQ7gwfBroQ=="],

    "@rspack/lite-tapable": ["@rspack/lite-tapable@1.0.1", "", {}, "sha512-VynGOEsVw2s8TAlLf/uESfrgfrq2+rcXB1muPJYBWbsm1Oa6r5qVQhjA5ggM6z/coYPrsVMgovl3Ff7Q7OCp1w=="],

    "@rspack/plugin-react-refresh": ["@rspack/plugin-react-refresh@1.5.2", "", { "dependencies": { "error-stack-parser": "^2.1.4", "html-entities": "^2.6.0" }, "peerDependencies": { "react-refresh": ">=0.10.0 <1.0.0", "webpack-hot-middleware": "2.x" }, "optionalPeers": ["webpack-hot-middleware"] }, "sha512-uTbN6P01LPdQOnl5YNwHkN4hDsb9Sb5nIetQb55mPyFiJnu9MQetmBUm+tmh8JJg0QPv4Ew7tXgi4hjpHFY3Rw=="],

    "@swc/helpers": ["@swc/helpers@0.5.17", "", { "dependencies": { "tslib": "^2.8.0" } }, "sha512-5IKx/Y13RsYd+sauPb2x+U/xZikHjolzfuDgTAl/Tdf3Q8rslRvC19NKDLgAJQ6wsqADk10ntlv08nPFw/gO/A=="],

    "@tybys/wasm-util": ["@tybys/wasm-util@0.10.1", "", { "dependencies": { "tslib": "^2.4.0" } }, "sha512-9tTaPJLSiejZKx+Bmog4uSubteqTvFrVrURwkmHixBo0G4seD0zUxp98E1DzUBJxLQ3NPwXrGKDiVjwx/DpPsg=="],

    "@types/prop-types": ["@types/prop-types@15.7.15", "", {}, "sha512-F6bEyamV9jKGAFBEmlQnesRPGOQqS2+Uwi0Em15xenOxHaf2hv6L8YCVn3rPdPJOiJfPiCnLIRyvwVaqMY3MIw=="],

    "@types/react": ["@types/react@18.3.26", "", { "dependencies": { "@types/prop-types": "*", "csstype": "^3.0.2" } }, "sha512-RFA/bURkcKzx/X9oumPG9Vp3D3JUgus/d0b67KB0t5S/raciymilkOa66olh78MUI92QLbEJevO7rvqU/kjwKA=="],

    "@types/react-dom": ["@types/react-dom@18.3.7", "", { "peerDependencies": { "@types/react": "^18.0.0" } }, "sha512-MEe3UeoENYVFXzoXEWsvcpg6ZvlrFNlOQ7EOsvhI3CfAXwzPfO8Qwuxd40nepsYKqyyVQnTdEfv68q91yLcKrQ=="],

    "core-js": ["core-js@3.46.0", "", {}, "sha512-vDMm9B0xnqqZ8uSBpZ8sNtRtOdmfShrvT6h2TuQGLs0Is+cR0DYbj/KWP6ALVNbWPpqA/qPLoOuppJN07humpA=="],

    "csstype": ["csstype@3.1.3", "", {}, "sha512-M1uQkMl8rQK/szD0LNhtqxIPLpimGm8sOBwU7lLnCpSbTyY3yeU1Vc7l4KT5zT4s/yOxHH5O7tIuuLOCnLADRw=="],

    "error-stack-parser": ["error-stack-parser@2.1.4", "", { "dependencies": { "stackframe": "^1.3.4" } }, "sha512-Sk5V6wVazPhq5MhpO+AUxJn5x7XSXGl1R93Vn7i+zS15KDVxQijejNCrz8340/2bgLBjR9GtEG8ZVKONDjcqGQ=="],

    "html-entities": ["html-entities@2.6.0", "", {}, "sha512-kig+rMn/QOVRvr7c86gQ8lWXq+Hkv6CbAH1hLu+RG338StTpE8Z0b44SDVaqVu7HGKf27frdmUYEs9hTUX/cLQ=="],

    "hyphenate-style-name": ["hyphenate-style-name@1.1.0", "", {}, "sha512-WDC/ui2VVRrz3jOVi+XtjqkDjiVjTtFaAGiW37k6b+ohyQ5wYDOGkvCZa8+H0nx3gyvv0+BST9xuOgIyGQ00gw=="],

    "jiti": ["jiti@2.6.1", "", { "bin": { "jiti": "lib/jiti-cli.mjs" } }, "sha512-ekilCSN1jwRvIbgeg/57YFh8qQDNbwDb9xT/qu2DAHbFFZUicIl4ygVaAvzveMhMVr3LnpSKTNnwt8PoOfmKhQ=="],

    "js-tokens": ["js-tokens@4.0.0", "", {}, "sha512-RdJUflcE3cUzKiMqQgsCu06FPu9UdIJO0beYbPhHN4k6apgJtifcoCtT9bcxOpYBtpD2kCM6Sbzg4CausW/PKQ=="],

    "loader-utils": ["loader-utils@3.3.1", "", {}, "sha512-FMJTLMXfCLMLfJxcX9PFqX5qD88Z5MRGaZCVzfuqeZSPsyiBzs+pahDQjbIWz2QIzPZz0NX9Zy4FX3lmK6YHIg=="],

    "loose-envify": ["loose-envify@1.4.0", "", { "dependencies": { "js-tokens": "^3.0.0 || ^4.0.0" }, "bin": { "loose-envify": "cli.js" } }, "sha512-lyuxPGr/Wfhrlem2CL/UcnUc1zcqKAImBDzukY7Y5F/yQiNdko6+fRLevlw1HgMySw7f611UIY408EtxRSoK3Q=="],

    "module-element-testing": ["module-element-testing@link:module-element-testing/dist", {}],

    "react": ["react@18.3.1", "", { "dependencies": { "loose-envify": "^1.1.0" } }, "sha512-wS+hAgJShR0KhEvPJArfuPVN1+Hz1t0Y6n5jLrGQbkb4urgPE/0Rve+1kMB1v/oWgHgm4WIcV+i7F2pTVj+2iQ=="],

    "react-dom": ["react-dom@18.3.1", "", { "dependencies": { "loose-envify": "^1.1.0", "scheduler": "^0.23.2" }, "peerDependencies": { "react": "^18.3.1" } }, "sha512-5m4nQKp+rZRb09LNH59GM4BxTh9251/ylbKIbpe7TpGxfJ+9kv6BLkLBXIjjspbgbnIBNqlI23tRnTWT0snUIw=="],

    "react-refresh": ["react-refresh@0.17.0", "", {}, "sha512-z6F7K9bV85EfseRCp2bzrpyQ0Gkw1uLoCel9XBVWPg/TjRj94SkJzUTGfOa4bs7iJvBWtQG0Wq7wnI0syw3EBQ=="],

    "scheduler": ["scheduler@0.23.2", "", { "dependencies": { "loose-envify": "^1.1.0" } }, "sha512-UOShsPwz7NrMUqhR6t0hWjFduvOzbtv7toDH1/hIrfRNIDBnnBWd0CwJTGvTpngVlmwGCdP9/Zl/tVrDqcuYzQ=="],

    "stackframe": ["stackframe@1.3.4", "", {}, "sha512-oeVtt7eWQS+Na6F//S4kJ2K2VbRlS9D43mAlMyVpVWovy9o+jfgH8O9agzANzaiLjclA0oYzUXEM4PurhSUChw=="],

    "tiger": ["tiger@link:tiger", { "bin": { "tiger": "./dist/cli.js" } }],

    "tslib": ["tslib@2.8.1", "", {}, "sha512-oJFu94HQb+KVduSUQL7wnpmqnfmLsOA/nAh6b6EH0wCEoK0/mPeXU6c3wKDV83MkOuHPRHtSXKKU99IBazS/2w=="],

    "typescript": ["typescript@5.9.3", "", { "bin": { "tsc": "bin/tsc", "tsserver": "bin/tsserver" } }, "sha512-jl1vZzPDinLr9eUt3J/t7V6FgNEw9QjvBPdysz9KfQDD41fQrC2Y4vKQdiaUpFT4bXlb1RHhLpp8wtm6M5TgSw=="],

    "wasm-feature-detect": ["wasm-feature-detect@1.8.0", "", {}, "sha512-zksaLKM2fVlnB5jQQDqKXXwYHLQUVH9es+5TOOHwGOVJOCeRBCiPjwSg+3tN2AdTCzjgli4jijCH290kXb/zWQ=="],
  }
}
